// !$*UTF8*$!
{
	archiveVersion = 1;
	classes = {
	};
	objectVersion = 46;
	objects = {

/* Begin PBXBuildFile section */
		892A2C3C1C6A8CB1003724D6 /* JGProgressView.h in Headers */ = {isa = PBXBuildFile; fileRef = 892A2C3A1C6A8CB1003724D6 /* JGProgressView.h */; };
		892A2C3D1C6A8CB1003724D6 /* JGProgressView.m in Sources */ = {isa = PBXBuildFile; fileRef = 892A2C3B1C6A8CB1003724D6 /* JGProgressView.m */; };
		895F67031C60125600AE33FA /* KBYTSearchTableViewController.h in Headers */ = {isa = PBXBuildFile; fileRef = 895F67011C60125600AE33FA /* KBYTSearchTableViewController.h */; };
		895F67041C60125600AE33FA /* KBYTSearchTableViewController.m in Sources */ = {isa = PBXBuildFile; fileRef = 895F67021C60125600AE33FA /* KBYTSearchTableViewController.m */; };
		895F67861C62B9BD00AE33FA /* KBYTSearchItemViewController.h in Headers */ = {isa = PBXBuildFile; fileRef = 895F67841C62B9BD00AE33FA /* KBYTSearchItemViewController.h */; };
		895F67871C62B9BD00AE33FA /* KBYTSearchItemViewController.m in Sources */ = {isa = PBXBuildFile; fileRef = 895F67851C62B9BD00AE33FA /* KBYTSearchItemViewController.m */; };
		895F678F1C6520D500AE33FA /* SVIndefiniteAnimatedView.h in Headers */ = {isa = PBXBuildFile; fileRef = 895F67891C6520D500AE33FA /* SVIndefiniteAnimatedView.h */; };
		895F67901C6520D500AE33FA /* SVIndefiniteAnimatedView.m in Sources */ = {isa = PBXBuildFile; fileRef = 895F678A1C6520D500AE33FA /* SVIndefiniteAnimatedView.m */; };
		895F67911C6520D500AE33FA /* SVProgressHUD.h in Headers */ = {isa = PBXBuildFile; fileRef = 895F678B1C6520D500AE33FA /* SVProgressHUD.h */; };
		895F67921C6520D500AE33FA /* SVProgressHUD.m in Sources */ = {isa = PBXBuildFile; fileRef = 895F678C1C6520D500AE33FA /* SVProgressHUD.m */; };
		895F67931C6520D500AE33FA /* SVRadialGradientLayer.h in Headers */ = {isa = PBXBuildFile; fileRef = 895F678D1C6520D500AE33FA /* SVRadialGradientLayer.h */; };
		895F67941C6520D500AE33FA /* SVRadialGradientLayer.m in Sources */ = {isa = PBXBuildFile; fileRef = 895F678E1C6520D500AE33FA /* SVRadialGradientLayer.m */; };
		895F67A11C690C8100AE33FA /* BaseAnimation.h in Headers */ = {isa = PBXBuildFile; fileRef = 895F67971C690C8100AE33FA /* BaseAnimation.h */; };
		895F67A21C690C8100AE33FA /* BaseAnimation.m in Sources */ = {isa = PBXBuildFile; fileRef = 895F67981C690C8100AE33FA /* BaseAnimation.m */; };
		895F67A31C690C8100AE33FA /* ModalAnimation.h in Headers */ = {isa = PBXBuildFile; fileRef = 895F67991C690C8100AE33FA /* ModalAnimation.h */; };
		895F67A41C690C8100AE33FA /* ModalAnimation.m in Sources */ = {isa = PBXBuildFile; fileRef = 895F679A1C690C8100AE33FA /* ModalAnimation.m */; };
		895F67A51C690C8100AE33FA /* ScaleAnimation.h in Headers */ = {isa = PBXBuildFile; fileRef = 895F679B1C690C8100AE33FA /* ScaleAnimation.h */; };
		895F67A61C690C8100AE33FA /* ScaleAnimation.m in Sources */ = {isa = PBXBuildFile; fileRef = 895F679C1C690C8100AE33FA /* ScaleAnimation.m */; };
		895F67A71C690C8100AE33FA /* ShuffleAnimation.h in Headers */ = {isa = PBXBuildFile; fileRef = 895F679D1C690C8100AE33FA /* ShuffleAnimation.h */; };
		895F67A81C690C8100AE33FA /* ShuffleAnimation.m in Sources */ = {isa = PBXBuildFile; fileRef = 895F679E1C690C8100AE33FA /* ShuffleAnimation.m */; };
		895F67A91C690C8100AE33FA /* SlideAnimation.h in Headers */ = {isa = PBXBuildFile; fileRef = 895F679F1C690C8100AE33FA /* SlideAnimation.h */; };
		895F67AA1C690C8100AE33FA /* SlideAnimation.m in Sources */ = {isa = PBXBuildFile; fileRef = 895F67A01C690C8100AE33FA /* SlideAnimation.m */; };
		895F67AE1C6A424F00AE33FA /* KBYourTube+Categories.m in Sources */ = {isa = PBXBuildFile; fileRef = 895F67AD1C6A424F00AE33FA /* KBYourTube+Categories.m */; };
		897B49C41C58A4F600F50BC2 /* KBYTDownloadsTableViewController.h in Headers */ = {isa = PBXBuildFile; fileRef = 897B49C21C58A4F600F50BC2 /* KBYTDownloadsTableViewController.h */; };
		897B49C51C58A4F600F50BC2 /* KBYTDownloadsTableViewController.m in Sources */ = {isa = PBXBuildFile; fileRef = 897B49C31C58A4F600F50BC2 /* KBYTDownloadsTableViewController.m */; };
		897B49E81C58A7B500F50BC2 /* MKAnnotationView+WebCache.h in Headers */ = {isa = PBXBuildFile; fileRef = 897B49C71C58A7B500F50BC2 /* MKAnnotationView+WebCache.h */; };
		897B49E91C58A7B500F50BC2 /* MKAnnotationView+WebCache.m in Sources */ = {isa = PBXBuildFile; fileRef = 897B49C81C58A7B500F50BC2 /* MKAnnotationView+WebCache.m */; };
		897B49EA1C58A7B500F50BC2 /* NSData+ImageContentType.h in Headers */ = {isa = PBXBuildFile; fileRef = 897B49C91C58A7B500F50BC2 /* NSData+ImageContentType.h */; };
		897B49EB1C58A7B500F50BC2 /* NSData+ImageContentType.m in Sources */ = {isa = PBXBuildFile; fileRef = 897B49CA1C58A7B500F50BC2 /* NSData+ImageContentType.m */; };
		897B49EC1C58A7B500F50BC2 /* SDImageCache.h in Headers */ = {isa = PBXBuildFile; fileRef = 897B49CB1C58A7B500F50BC2 /* SDImageCache.h */; };
		897B49ED1C58A7B500F50BC2 /* SDImageCache.m in Sources */ = {isa = PBXBuildFile; fileRef = 897B49CC1C58A7B500F50BC2 /* SDImageCache.m */; };
		897B49EE1C58A7B500F50BC2 /* SDWebImageCompat.h in Headers */ = {isa = PBXBuildFile; fileRef = 897B49CD1C58A7B500F50BC2 /* SDWebImageCompat.h */; };
		897B49EF1C58A7B500F50BC2 /* SDWebImageCompat.m in Sources */ = {isa = PBXBuildFile; fileRef = 897B49CE1C58A7B500F50BC2 /* SDWebImageCompat.m */; };
		897B49F01C58A7B500F50BC2 /* SDWebImageDecoder.h in Headers */ = {isa = PBXBuildFile; fileRef = 897B49CF1C58A7B500F50BC2 /* SDWebImageDecoder.h */; };
		897B49F11C58A7B500F50BC2 /* SDWebImageDecoder.m in Sources */ = {isa = PBXBuildFile; fileRef = 897B49D01C58A7B500F50BC2 /* SDWebImageDecoder.m */; };
		897B49F21C58A7B500F50BC2 /* SDWebImageDownloader.h in Headers */ = {isa = PBXBuildFile; fileRef = 897B49D11C58A7B500F50BC2 /* SDWebImageDownloader.h */; };
		897B49F31C58A7B500F50BC2 /* SDWebImageDownloader.m in Sources */ = {isa = PBXBuildFile; fileRef = 897B49D21C58A7B500F50BC2 /* SDWebImageDownloader.m */; };
		897B49F41C58A7B500F50BC2 /* SDWebImageDownloaderOperation.h in Headers */ = {isa = PBXBuildFile; fileRef = 897B49D31C58A7B500F50BC2 /* SDWebImageDownloaderOperation.h */; };
		897B49F51C58A7B500F50BC2 /* SDWebImageDownloaderOperation.m in Sources */ = {isa = PBXBuildFile; fileRef = 897B49D41C58A7B500F50BC2 /* SDWebImageDownloaderOperation.m */; };
		897B49F61C58A7B500F50BC2 /* SDWebImageManager.h in Headers */ = {isa = PBXBuildFile; fileRef = 897B49D51C58A7B500F50BC2 /* SDWebImageManager.h */; };
		897B49F71C58A7B500F50BC2 /* SDWebImageManager.m in Sources */ = {isa = PBXBuildFile; fileRef = 897B49D61C58A7B500F50BC2 /* SDWebImageManager.m */; };
		897B49F81C58A7B500F50BC2 /* SDWebImageOperation.h in Headers */ = {isa = PBXBuildFile; fileRef = 897B49D71C58A7B500F50BC2 /* SDWebImageOperation.h */; };
		897B49F91C58A7B500F50BC2 /* SDWebImagePrefetcher.h in Headers */ = {isa = PBXBuildFile; fileRef = 897B49D81C58A7B500F50BC2 /* SDWebImagePrefetcher.h */; };
		897B49FA1C58A7B500F50BC2 /* SDWebImagePrefetcher.m in Sources */ = {isa = PBXBuildFile; fileRef = 897B49D91C58A7B500F50BC2 /* SDWebImagePrefetcher.m */; };
		897B49FB1C58A7B500F50BC2 /* UIButton+WebCache.h in Headers */ = {isa = PBXBuildFile; fileRef = 897B49DA1C58A7B500F50BC2 /* UIButton+WebCache.h */; };
		897B49FC1C58A7B500F50BC2 /* UIButton+WebCache.m in Sources */ = {isa = PBXBuildFile; fileRef = 897B49DB1C58A7B500F50BC2 /* UIButton+WebCache.m */; };
		897B49FD1C58A7B500F50BC2 /* UIImage+GIF.h in Headers */ = {isa = PBXBuildFile; fileRef = 897B49DC1C58A7B500F50BC2 /* UIImage+GIF.h */; };
		897B49FE1C58A7B500F50BC2 /* UIImage+GIF.m in Sources */ = {isa = PBXBuildFile; fileRef = 897B49DD1C58A7B500F50BC2 /* UIImage+GIF.m */; };
		897B49FF1C58A7B500F50BC2 /* UIImage+MultiFormat.h in Headers */ = {isa = PBXBuildFile; fileRef = 897B49DE1C58A7B500F50BC2 /* UIImage+MultiFormat.h */; };
		897B4A001C58A7B500F50BC2 /* UIImage+MultiFormat.m in Sources */ = {isa = PBXBuildFile; fileRef = 897B49DF1C58A7B500F50BC2 /* UIImage+MultiFormat.m */; };
		897B4A011C58A7B500F50BC2 /* UIImage+WebP.h in Headers */ = {isa = PBXBuildFile; fileRef = 897B49E01C58A7B500F50BC2 /* UIImage+WebP.h */; };
		897B4A021C58A7B500F50BC2 /* UIImage+WebP.m in Sources */ = {isa = PBXBuildFile; fileRef = 897B49E11C58A7B500F50BC2 /* UIImage+WebP.m */; };
		897B4A031C58A7B500F50BC2 /* UIImageView+HighlightedWebCache.h in Headers */ = {isa = PBXBuildFile; fileRef = 897B49E21C58A7B500F50BC2 /* UIImageView+HighlightedWebCache.h */; };
		897B4A041C58A7B500F50BC2 /* UIImageView+HighlightedWebCache.m in Sources */ = {isa = PBXBuildFile; fileRef = 897B49E31C58A7B500F50BC2 /* UIImageView+HighlightedWebCache.m */; };
		897B4A051C58A7B500F50BC2 /* UIImageView+WebCache.h in Headers */ = {isa = PBXBuildFile; fileRef = 897B49E41C58A7B500F50BC2 /* UIImageView+WebCache.h */; };
		897B4A061C58A7B500F50BC2 /* UIImageView+WebCache.m in Sources */ = {isa = PBXBuildFile; fileRef = 897B49E51C58A7B500F50BC2 /* UIImageView+WebCache.m */; };
		897B4A071C58A7B500F50BC2 /* UIView+WebCacheOperation.h in Headers */ = {isa = PBXBuildFile; fileRef = 897B49E61C58A7B500F50BC2 /* UIView+WebCacheOperation.h */; };
		897B4A081C58A7B500F50BC2 /* UIView+WebCacheOperation.m in Sources */ = {isa = PBXBuildFile; fileRef = 897B49E71C58A7B500F50BC2 /* UIView+WebCacheOperation.m */; };
		897B4A0B1C58AAB000F50BC2 /* UIColor+Additions.h in Headers */ = {isa = PBXBuildFile; fileRef = 897B4A091C58AAB000F50BC2 /* UIColor+Additions.h */; };
		897B4A0C1C58AAB000F50BC2 /* UIColor+Additions.m in Sources */ = {isa = PBXBuildFile; fileRef = 897B4A0A1C58AAB000F50BC2 /* UIColor+Additions.m */; };
		897B4A101C58B03000F50BC2 /* UIImage+Scale.h in Headers */ = {isa = PBXBuildFile; fileRef = 897B4A0E1C58B03000F50BC2 /* UIImage+Scale.h */; };
		897B4A111C58B03000F50BC2 /* UIImage+Scale.m in Sources */ = {isa = PBXBuildFile; fileRef = 897B4A0F1C58B03000F50BC2 /* UIImage+Scale.m */; };
		897B4A2A1C5E8B3D00F50BC2 /* APAttribute.h in Headers */ = {isa = PBXBuildFile; fileRef = 897B4A231C5E8B3D00F50BC2 /* APAttribute.h */; };
		897B4A2B1C5E8B3D00F50BC2 /* APAttribute.m in Sources */ = {isa = PBXBuildFile; fileRef = 897B4A241C5E8B3D00F50BC2 /* APAttribute.m */; };
		897B4A2C1C5E8B3D00F50BC2 /* APDocument.h in Headers */ = {isa = PBXBuildFile; fileRef = 897B4A251C5E8B3D00F50BC2 /* APDocument.h */; };
		897B4A2D1C5E8B3D00F50BC2 /* APDocument.m in Sources */ = {isa = PBXBuildFile; fileRef = 897B4A261C5E8B3D00F50BC2 /* APDocument.m */; };
		897B4A2E1C5E8B3D00F50BC2 /* APElement.h in Headers */ = {isa = PBXBuildFile; fileRef = 897B4A271C5E8B3D00F50BC2 /* APElement.h */; };
		897B4A2F1C5E8B3D00F50BC2 /* APElement.m in Sources */ = {isa = PBXBuildFile; fileRef = 897B4A281C5E8B3D00F50BC2 /* APElement.m */; };
		897B4A301C5E8B3D00F50BC2 /* APXML.h in Headers */ = {isa = PBXBuildFile; fileRef = 897B4A291C5E8B3D00F50BC2 /* APXML.h */; };
		898244DB1C6A4A1600131343 /* YTDownloadOperation.h in Headers */ = {isa = PBXBuildFile; fileRef = 898244D91C6A4A1600131343 /* YTDownloadOperation.h */; };
		898244DC1C6A4A1600131343 /* YTDownloadOperation.m in Sources */ = {isa = PBXBuildFile; fileRef = 898244DA1C6A4A1600131343 /* YTDownloadOperation.m */; };
		898244DF1C6A664A00131343 /* KBYTMessagingCenter.h in Headers */ = {isa = PBXBuildFile; fileRef = 898244DD1C6A664A00131343 /* KBYTMessagingCenter.h */; };
		898244E01C6A664A00131343 /* KBYTMessagingCenter.m in Sources */ = {isa = PBXBuildFile; fileRef = 898244DE1C6A664A00131343 /* KBYTMessagingCenter.m */; };
		89E06BC61C499E2300B8D1C4 /* ytiOSBundle.h in Headers */ = {isa = PBXBuildFile; fileRef = 89E06BC51C499E2300B8D1C4 /* ytiOSBundle.h */; settings = {ATTRIBUTES = (Public, ); }; };
		89E06BD21C499EF000B8D1C4 /* URLCredential.h in Headers */ = {isa = PBXBuildFile; fileRef = 89E06BCE1C499EF000B8D1C4 /* URLCredential.h */; };
		89E06BD31C499EF000B8D1C4 /* URLCredential.m in Sources */ = {isa = PBXBuildFile; fileRef = 89E06BCF1C499EF000B8D1C4 /* URLCredential.m */; };
		89E06BD41C499EF000B8D1C4 /* URLDownloader.h in Headers */ = {isa = PBXBuildFile; fileRef = 89E06BD01C499EF000B8D1C4 /* URLDownloader.h */; };
		89E06BD51C499EF000B8D1C4 /* URLDownloader.m in Sources */ = {isa = PBXBuildFile; fileRef = 89E06BD11C499EF000B8D1C4 /* URLDownloader.m */; };
		89E06BDC1C499EFF00B8D1C4 /* KBYourTube.h in Headers */ = {isa = PBXBuildFile; fileRef = 89E06BD61C499EFF00B8D1C4 /* KBYourTube.h */; };
		89E06BDE1C499EFF00B8D1C4 /* KBYTDownloadStream.h in Headers */ = {isa = PBXBuildFile; fileRef = 89E06BD81C499EFF00B8D1C4 /* KBYTDownloadStream.h */; };
		89E06BDF1C499EFF00B8D1C4 /* KBYTDownloadStream.m in Sources */ = {isa = PBXBuildFile; fileRef = 89E06BD91C499EFF00B8D1C4 /* KBYTDownloadStream.m */; };
		89E06BE01C499EFF00B8D1C4 /* main.m in Sources */ = {isa = PBXBuildFile; fileRef = 89E06BDA1C499EFF00B8D1C4 /* main.m */; };
		89E06BE11C499EFF00B8D1C4 /* Makefile in Sources */ = {isa = PBXBuildFile; fileRef = 89E06BDB1C499EFF00B8D1C4 /* Makefile */; };
		89E06BE41C499F1B00B8D1C4 /* OurViewController.h in Headers */ = {isa = PBXBuildFile; fileRef = 89E06BE21C499F1B00B8D1C4 /* OurViewController.h */; };
		89E06BE51C499F1B00B8D1C4 /* OurViewController.mm in Sources */ = {isa = PBXBuildFile; fileRef = 89E06BE31C499F1B00B8D1C4 /* OurViewController.mm */; };
		89E06BE71C499F2100B8D1C4 /* yourTubeApplication.m in Sources */ = {isa = PBXBuildFile; fileRef = 89E06BE61C499F2100B8D1C4 /* yourTubeApplication.m */; };
		89E06BE81C499F3C00B8D1C4 /* KBYourTube.m in Sources */ = {isa = PBXBuildFile; fileRef = 89E06BD71C499EFF00B8D1C4 /* KBYourTube.m */; };
		89E06BEB1C499F7000B8D1C4 /* APDeviceController.h in Headers */ = {isa = PBXBuildFile; fileRef = 89E06BE91C499F7000B8D1C4 /* APDeviceController.h */; };
		89E06BEC1C499F7000B8D1C4 /* APDeviceController.m in Sources */ = {isa = PBXBuildFile; fileRef = 89E06BEA1C499F7000B8D1C4 /* APDeviceController.m */; };
		89E06BEE1C49F59100B8D1C4 /* theos in Resources */ = {isa = PBXBuildFile; fileRef = 89E06BED1C49F59100B8D1C4 /* theos */; };
		89E06C051C4B5B2F00B8D1C4 /* YTBrowserHelper.mm in Sources */ = {isa = PBXBuildFile; fileRef = 89B9D5301C44F51200740BF1 /* YTBrowserHelper.mm */; };
		89E06C081C4CA1DC00B8D1C4 /* KBYTPreferences.h in Headers */ = {isa = PBXBuildFile; fileRef = 89E06C061C4CA1DC00B8D1C4 /* KBYTPreferences.h */; };
		89E06C091C4CA1DC00B8D1C4 /* KBYTPreferences.m in Sources */ = {isa = PBXBuildFile; fileRef = 89E06C071C4CA1DC00B8D1C4 /* KBYTPreferences.m */; };
/* End PBXBuildFile section */

/* Begin PBXFileReference section */
		892A2C381C6A8400003724D6 /* yourTubeApplication.h */ = {isa = PBXFileReference; lastKnownFileType = sourcecode.c.h; name = yourTubeApplication.h; path = yourTube/yourTubeApplication.h; sourceTree = "<group>"; };
		892A2C3A1C6A8CB1003724D6 /* JGProgressView.h */ = {isa = PBXFileReference; fileEncoding = 4; lastKnownFileType = sourcecode.c.h; path = JGProgressView.h; sourceTree = "<group>"; };
		892A2C3B1C6A8CB1003724D6 /* JGProgressView.m */ = {isa = PBXFileReference; fileEncoding = 4; lastKnownFileType = sourcecode.c.objc; path = JGProgressView.m; sourceTree = "<group>"; };
		895F67011C60125600AE33FA /* KBYTSearchTableViewController.h */ = {isa = PBXFileReference; fileEncoding = 4; lastKnownFileType = sourcecode.c.h; name = KBYTSearchTableViewController.h; path = yourTube/KBYTSearchTableViewController.h; sourceTree = "<group>"; };
		895F67021C60125600AE33FA /* KBYTSearchTableViewController.m */ = {isa = PBXFileReference; fileEncoding = 4; lastKnownFileType = sourcecode.c.objc; name = KBYTSearchTableViewController.m; path = yourTube/KBYTSearchTableViewController.m; sourceTree = "<group>"; };
		895F67841C62B9BD00AE33FA /* KBYTSearchItemViewController.h */ = {isa = PBXFileReference; fileEncoding = 4; lastKnownFileType = sourcecode.c.h; name = KBYTSearchItemViewController.h; path = yourTube/KBYTSearchItemViewController.h; sourceTree = "<group>"; };
		895F67851C62B9BD00AE33FA /* KBYTSearchItemViewController.m */ = {isa = PBXFileReference; fileEncoding = 4; lastKnownFileType = sourcecode.c.objc; name = KBYTSearchItemViewController.m; path = yourTube/KBYTSearchItemViewController.m; sourceTree = "<group>"; };
		895F67891C6520D500AE33FA /* SVIndefiniteAnimatedView.h */ = {isa = PBXFileReference; fileEncoding = 4; lastKnownFileType = sourcecode.c.h; path = SVIndefiniteAnimatedView.h; sourceTree = "<group>"; };
		895F678A1C6520D500AE33FA /* SVIndefiniteAnimatedView.m */ = {isa = PBXFileReference; fileEncoding = 4; lastKnownFileType = sourcecode.c.objc; path = SVIndefiniteAnimatedView.m; sourceTree = "<group>"; };
		895F678B1C6520D500AE33FA /* SVProgressHUD.h */ = {isa = PBXFileReference; fileEncoding = 4; lastKnownFileType = sourcecode.c.h; path = SVProgressHUD.h; sourceTree = "<group>"; };
		895F678C1C6520D500AE33FA /* SVProgressHUD.m */ = {isa = PBXFileReference; fileEncoding = 4; lastKnownFileType = sourcecode.c.objc; path = SVProgressHUD.m; sourceTree = "<group>"; };
		895F678D1C6520D500AE33FA /* SVRadialGradientLayer.h */ = {isa = PBXFileReference; fileEncoding = 4; lastKnownFileType = sourcecode.c.h; path = SVRadialGradientLayer.h; sourceTree = "<group>"; };
		895F678E1C6520D500AE33FA /* SVRadialGradientLayer.m */ = {isa = PBXFileReference; fileEncoding = 4; lastKnownFileType = sourcecode.c.objc; path = SVRadialGradientLayer.m; sourceTree = "<group>"; };
		895F67971C690C8100AE33FA /* BaseAnimation.h */ = {isa = PBXFileReference; fileEncoding = 4; lastKnownFileType = sourcecode.c.h; path = BaseAnimation.h; sourceTree = "<group>"; };
		895F67981C690C8100AE33FA /* BaseAnimation.m */ = {isa = PBXFileReference; fileEncoding = 4; lastKnownFileType = sourcecode.c.objc; path = BaseAnimation.m; sourceTree = "<group>"; };
		895F67991C690C8100AE33FA /* ModalAnimation.h */ = {isa = PBXFileReference; fileEncoding = 4; lastKnownFileType = sourcecode.c.h; path = ModalAnimation.h; sourceTree = "<group>"; };
		895F679A1C690C8100AE33FA /* ModalAnimation.m */ = {isa = PBXFileReference; fileEncoding = 4; lastKnownFileType = sourcecode.c.objc; path = ModalAnimation.m; sourceTree = "<group>"; };
		895F679B1C690C8100AE33FA /* ScaleAnimation.h */ = {isa = PBXFileReference; fileEncoding = 4; lastKnownFileType = sourcecode.c.h; path = ScaleAnimation.h; sourceTree = "<group>"; };
		895F679C1C690C8100AE33FA /* ScaleAnimation.m */ = {isa = PBXFileReference; fileEncoding = 4; lastKnownFileType = sourcecode.c.objc; path = ScaleAnimation.m; sourceTree = "<group>"; };
		895F679D1C690C8100AE33FA /* ShuffleAnimation.h */ = {isa = PBXFileReference; fileEncoding = 4; lastKnownFileType = sourcecode.c.h; path = ShuffleAnimation.h; sourceTree = "<group>"; };
		895F679E1C690C8100AE33FA /* ShuffleAnimation.m */ = {isa = PBXFileReference; fileEncoding = 4; lastKnownFileType = sourcecode.c.objc; path = ShuffleAnimation.m; sourceTree = "<group>"; };
		895F679F1C690C8100AE33FA /* SlideAnimation.h */ = {isa = PBXFileReference; fileEncoding = 4; lastKnownFileType = sourcecode.c.h; path = SlideAnimation.h; sourceTree = "<group>"; };
		895F67A01C690C8100AE33FA /* SlideAnimation.m */ = {isa = PBXFileReference; fileEncoding = 4; lastKnownFileType = sourcecode.c.objc; path = SlideAnimation.m; sourceTree = "<group>"; };
		895F67AC1C6A3FA700AE33FA /* Defines.h */ = {isa = PBXFileReference; lastKnownFileType = sourcecode.c.h; path = Defines.h; sourceTree = "<group>"; };
		895F67AD1C6A424F00AE33FA /* KBYourTube+Categories.m */ = {isa = PBXFileReference; fileEncoding = 4; lastKnownFileType = sourcecode.c.objc; name = "KBYourTube+Categories.m"; path = "yourTube/KBYourTube+Categories.m"; sourceTree = "<group>"; };
		895F67AF1C6A427500AE33FA /* KBYourTube+Categories.h */ = {isa = PBXFileReference; lastKnownFileType = sourcecode.c.h; name = "KBYourTube+Categories.h"; path = "yourTube/KBYourTube+Categories.h"; sourceTree = "<group>"; };
		897B49C21C58A4F600F50BC2 /* KBYTDownloadsTableViewController.h */ = {isa = PBXFileReference; fileEncoding = 4; lastKnownFileType = sourcecode.c.h; name = KBYTDownloadsTableViewController.h; path = yourTube/KBYTDownloadsTableViewController.h; sourceTree = "<group>"; };
		897B49C31C58A4F600F50BC2 /* KBYTDownloadsTableViewController.m */ = {isa = PBXFileReference; fileEncoding = 4; lastKnownFileType = sourcecode.c.objc; name = KBYTDownloadsTableViewController.m; path = yourTube/KBYTDownloadsTableViewController.m; sourceTree = "<group>"; };
		897B49C71C58A7B500F50BC2 /* MKAnnotationView+WebCache.h */ = {isa = PBXFileReference; fileEncoding = 4; lastKnownFileType = sourcecode.c.h; path = "MKAnnotationView+WebCache.h"; sourceTree = "<group>"; };
		897B49C81C58A7B500F50BC2 /* MKAnnotationView+WebCache.m */ = {isa = PBXFileReference; fileEncoding = 4; lastKnownFileType = sourcecode.c.objc; path = "MKAnnotationView+WebCache.m"; sourceTree = "<group>"; };
		897B49C91C58A7B500F50BC2 /* NSData+ImageContentType.h */ = {isa = PBXFileReference; fileEncoding = 4; lastKnownFileType = sourcecode.c.h; path = "NSData+ImageContentType.h"; sourceTree = "<group>"; };
		897B49CA1C58A7B500F50BC2 /* NSData+ImageContentType.m */ = {isa = PBXFileReference; fileEncoding = 4; lastKnownFileType = sourcecode.c.objc; path = "NSData+ImageContentType.m"; sourceTree = "<group>"; };
		897B49CB1C58A7B500F50BC2 /* SDImageCache.h */ = {isa = PBXFileReference; fileEncoding = 4; lastKnownFileType = sourcecode.c.h; path = SDImageCache.h; sourceTree = "<group>"; };
		897B49CC1C58A7B500F50BC2 /* SDImageCache.m */ = {isa = PBXFileReference; fileEncoding = 4; lastKnownFileType = sourcecode.c.objc; path = SDImageCache.m; sourceTree = "<group>"; };
		897B49CD1C58A7B500F50BC2 /* SDWebImageCompat.h */ = {isa = PBXFileReference; fileEncoding = 4; lastKnownFileType = sourcecode.c.h; path = SDWebImageCompat.h; sourceTree = "<group>"; };
		897B49CE1C58A7B500F50BC2 /* SDWebImageCompat.m */ = {isa = PBXFileReference; fileEncoding = 4; lastKnownFileType = sourcecode.c.objc; path = SDWebImageCompat.m; sourceTree = "<group>"; };
		897B49CF1C58A7B500F50BC2 /* SDWebImageDecoder.h */ = {isa = PBXFileReference; fileEncoding = 4; lastKnownFileType = sourcecode.c.h; path = SDWebImageDecoder.h; sourceTree = "<group>"; };
		897B49D01C58A7B500F50BC2 /* SDWebImageDecoder.m */ = {isa = PBXFileReference; fileEncoding = 4; lastKnownFileType = sourcecode.c.objc; path = SDWebImageDecoder.m; sourceTree = "<group>"; };
		897B49D11C58A7B500F50BC2 /* SDWebImageDownloader.h */ = {isa = PBXFileReference; fileEncoding = 4; lastKnownFileType = sourcecode.c.h; path = SDWebImageDownloader.h; sourceTree = "<group>"; };
		897B49D21C58A7B500F50BC2 /* SDWebImageDownloader.m */ = {isa = PBXFileReference; fileEncoding = 4; lastKnownFileType = sourcecode.c.objc; path = SDWebImageDownloader.m; sourceTree = "<group>"; };
		897B49D31C58A7B500F50BC2 /* SDWebImageDownloaderOperation.h */ = {isa = PBXFileReference; fileEncoding = 4; lastKnownFileType = sourcecode.c.h; path = SDWebImageDownloaderOperation.h; sourceTree = "<group>"; };
		897B49D41C58A7B500F50BC2 /* SDWebImageDownloaderOperation.m */ = {isa = PBXFileReference; fileEncoding = 4; lastKnownFileType = sourcecode.c.objc; path = SDWebImageDownloaderOperation.m; sourceTree = "<group>"; };
		897B49D51C58A7B500F50BC2 /* SDWebImageManager.h */ = {isa = PBXFileReference; fileEncoding = 4; lastKnownFileType = sourcecode.c.h; path = SDWebImageManager.h; sourceTree = "<group>"; };
		897B49D61C58A7B500F50BC2 /* SDWebImageManager.m */ = {isa = PBXFileReference; fileEncoding = 4; lastKnownFileType = sourcecode.c.objc; path = SDWebImageManager.m; sourceTree = "<group>"; };
		897B49D71C58A7B500F50BC2 /* SDWebImageOperation.h */ = {isa = PBXFileReference; fileEncoding = 4; lastKnownFileType = sourcecode.c.h; path = SDWebImageOperation.h; sourceTree = "<group>"; };
		897B49D81C58A7B500F50BC2 /* SDWebImagePrefetcher.h */ = {isa = PBXFileReference; fileEncoding = 4; lastKnownFileType = sourcecode.c.h; path = SDWebImagePrefetcher.h; sourceTree = "<group>"; };
		897B49D91C58A7B500F50BC2 /* SDWebImagePrefetcher.m */ = {isa = PBXFileReference; fileEncoding = 4; lastKnownFileType = sourcecode.c.objc; path = SDWebImagePrefetcher.m; sourceTree = "<group>"; };
		897B49DA1C58A7B500F50BC2 /* UIButton+WebCache.h */ = {isa = PBXFileReference; fileEncoding = 4; lastKnownFileType = sourcecode.c.h; path = "UIButton+WebCache.h"; sourceTree = "<group>"; };
		897B49DB1C58A7B500F50BC2 /* UIButton+WebCache.m */ = {isa = PBXFileReference; fileEncoding = 4; lastKnownFileType = sourcecode.c.objc; path = "UIButton+WebCache.m"; sourceTree = "<group>"; };
		897B49DC1C58A7B500F50BC2 /* UIImage+GIF.h */ = {isa = PBXFileReference; fileEncoding = 4; lastKnownFileType = sourcecode.c.h; path = "UIImage+GIF.h"; sourceTree = "<group>"; };
		897B49DD1C58A7B500F50BC2 /* UIImage+GIF.m */ = {isa = PBXFileReference; fileEncoding = 4; lastKnownFileType = sourcecode.c.objc; path = "UIImage+GIF.m"; sourceTree = "<group>"; };
		897B49DE1C58A7B500F50BC2 /* UIImage+MultiFormat.h */ = {isa = PBXFileReference; fileEncoding = 4; lastKnownFileType = sourcecode.c.h; path = "UIImage+MultiFormat.h"; sourceTree = "<group>"; };
		897B49DF1C58A7B500F50BC2 /* UIImage+MultiFormat.m */ = {isa = PBXFileReference; fileEncoding = 4; lastKnownFileType = sourcecode.c.objc; path = "UIImage+MultiFormat.m"; sourceTree = "<group>"; };
		897B49E01C58A7B500F50BC2 /* UIImage+WebP.h */ = {isa = PBXFileReference; fileEncoding = 4; lastKnownFileType = sourcecode.c.h; path = "UIImage+WebP.h"; sourceTree = "<group>"; };
		897B49E11C58A7B500F50BC2 /* UIImage+WebP.m */ = {isa = PBXFileReference; fileEncoding = 4; lastKnownFileType = sourcecode.c.objc; path = "UIImage+WebP.m"; sourceTree = "<group>"; };
		897B49E21C58A7B500F50BC2 /* UIImageView+HighlightedWebCache.h */ = {isa = PBXFileReference; fileEncoding = 4; lastKnownFileType = sourcecode.c.h; path = "UIImageView+HighlightedWebCache.h"; sourceTree = "<group>"; };
		897B49E31C58A7B500F50BC2 /* UIImageView+HighlightedWebCache.m */ = {isa = PBXFileReference; fileEncoding = 4; lastKnownFileType = sourcecode.c.objc; path = "UIImageView+HighlightedWebCache.m"; sourceTree = "<group>"; };
		897B49E41C58A7B500F50BC2 /* UIImageView+WebCache.h */ = {isa = PBXFileReference; fileEncoding = 4; lastKnownFileType = sourcecode.c.h; path = "UIImageView+WebCache.h"; sourceTree = "<group>"; };
		897B49E51C58A7B500F50BC2 /* UIImageView+WebCache.m */ = {isa = PBXFileReference; fileEncoding = 4; lastKnownFileType = sourcecode.c.objc; path = "UIImageView+WebCache.m"; sourceTree = "<group>"; };
		897B49E61C58A7B500F50BC2 /* UIView+WebCacheOperation.h */ = {isa = PBXFileReference; fileEncoding = 4; lastKnownFileType = sourcecode.c.h; path = "UIView+WebCacheOperation.h"; sourceTree = "<group>"; };
		897B49E71C58A7B500F50BC2 /* UIView+WebCacheOperation.m */ = {isa = PBXFileReference; fileEncoding = 4; lastKnownFileType = sourcecode.c.objc; path = "UIView+WebCacheOperation.m"; sourceTree = "<group>"; };
		897B4A091C58AAB000F50BC2 /* UIColor+Additions.h */ = {isa = PBXFileReference; fileEncoding = 4; lastKnownFileType = sourcecode.c.h; name = "UIColor+Additions.h"; path = "yourTube/UIColor+Additions.h"; sourceTree = "<group>"; };
		897B4A0A1C58AAB000F50BC2 /* UIColor+Additions.m */ = {isa = PBXFileReference; fileEncoding = 4; lastKnownFileType = sourcecode.c.objc; name = "UIColor+Additions.m"; path = "yourTube/UIColor+Additions.m"; sourceTree = "<group>"; };
		897B4A0E1C58B03000F50BC2 /* UIImage+Scale.h */ = {isa = PBXFileReference; fileEncoding = 4; lastKnownFileType = sourcecode.c.h; name = "UIImage+Scale.h"; path = "yourTube/UIImage+Scale.h"; sourceTree = "<group>"; };
		897B4A0F1C58B03000F50BC2 /* UIImage+Scale.m */ = {isa = PBXFileReference; fileEncoding = 4; lastKnownFileType = sourcecode.c.objc; name = "UIImage+Scale.m"; path = "yourTube/UIImage+Scale.m"; sourceTree = "<group>"; };
		897B4A231C5E8B3D00F50BC2 /* APAttribute.h */ = {isa = PBXFileReference; fileEncoding = 4; lastKnownFileType = sourcecode.c.h; path = APAttribute.h; sourceTree = "<group>"; };
		897B4A241C5E8B3D00F50BC2 /* APAttribute.m */ = {isa = PBXFileReference; fileEncoding = 4; lastKnownFileType = sourcecode.c.objc; path = APAttribute.m; sourceTree = "<group>"; };
		897B4A251C5E8B3D00F50BC2 /* APDocument.h */ = {isa = PBXFileReference; fileEncoding = 4; lastKnownFileType = sourcecode.c.h; path = APDocument.h; sourceTree = "<group>"; };
		897B4A261C5E8B3D00F50BC2 /* APDocument.m */ = {isa = PBXFileReference; fileEncoding = 4; lastKnownFileType = sourcecode.c.objc; path = APDocument.m; sourceTree = "<group>"; };
		897B4A271C5E8B3D00F50BC2 /* APElement.h */ = {isa = PBXFileReference; fileEncoding = 4; lastKnownFileType = sourcecode.c.h; path = APElement.h; sourceTree = "<group>"; };
		897B4A281C5E8B3D00F50BC2 /* APElement.m */ = {isa = PBXFileReference; fileEncoding = 4; lastKnownFileType = sourcecode.c.objc; path = APElement.m; sourceTree = "<group>"; };
		897B4A291C5E8B3D00F50BC2 /* APXML.h */ = {isa = PBXFileReference; fileEncoding = 4; lastKnownFileType = sourcecode.c.h; path = APXML.h; sourceTree = "<group>"; };
		898244D91C6A4A1600131343 /* YTDownloadOperation.h */ = {isa = PBXFileReference; fileEncoding = 4; lastKnownFileType = sourcecode.c.h; path = YTDownloadOperation.h; sourceTree = "<group>"; };
		898244DA1C6A4A1600131343 /* YTDownloadOperation.m */ = {isa = PBXFileReference; fileEncoding = 4; lastKnownFileType = sourcecode.c.objc; path = YTDownloadOperation.m; sourceTree = "<group>"; };
		898244DD1C6A664A00131343 /* KBYTMessagingCenter.h */ = {isa = PBXFileReference; fileEncoding = 4; lastKnownFileType = sourcecode.c.h; name = KBYTMessagingCenter.h; path = yourTube/KBYTMessagingCenter.h; sourceTree = "<group>"; };
		898244DE1C6A664A00131343 /* KBYTMessagingCenter.m */ = {isa = PBXFileReference; fileEncoding = 4; lastKnownFileType = sourcecode.c.objc; name = KBYTMessagingCenter.m; path = yourTube/KBYTMessagingCenter.m; sourceTree = "<group>"; };
		89B9D4221C44F49F00740BF1 /* GCDWebServers.framework */ = {isa = PBXFileReference; lastKnownFileType = wrapper.framework; path = GCDWebServers.framework; sourceTree = "<group>"; };
		89B9D4231C44F49F00740BF1 /* Gremlin.framework */ = {isa = PBXFileReference; lastKnownFileType = wrapper.framework; path = Gremlin.framework; sourceTree = "<group>"; };
		89B9D4251C44F49F00740BF1 /* GCDWebServer.h */ = {isa = PBXFileReference; lastKnownFileType = sourcecode.c.h; path = GCDWebServer.h; sourceTree = "<group>"; };
		89B9D4261C44F49F00740BF1 /* GCDWebServer.m */ = {isa = PBXFileReference; lastKnownFileType = sourcecode.c.objc; path = GCDWebServer.m; sourceTree = "<group>"; };
		89B9D4271C44F49F00740BF1 /* GCDWebServerConnection.h */ = {isa = PBXFileReference; lastKnownFileType = sourcecode.c.h; path = GCDWebServerConnection.h; sourceTree = "<group>"; };
		89B9D4281C44F49F00740BF1 /* GCDWebServerConnection.m */ = {isa = PBXFileReference; lastKnownFileType = sourcecode.c.objc; path = GCDWebServerConnection.m; sourceTree = "<group>"; };
		89B9D4291C44F49F00740BF1 /* GCDWebServerDataRequest.h */ = {isa = PBXFileReference; lastKnownFileType = sourcecode.c.h; path = GCDWebServerDataRequest.h; sourceTree = "<group>"; };
		89B9D42A1C44F49F00740BF1 /* GCDWebServerDataRequest.m */ = {isa = PBXFileReference; lastKnownFileType = sourcecode.c.objc; path = GCDWebServerDataRequest.m; sourceTree = "<group>"; };
		89B9D42B1C44F49F00740BF1 /* GCDWebServerDataResponse.h */ = {isa = PBXFileReference; lastKnownFileType = sourcecode.c.h; path = GCDWebServerDataResponse.h; sourceTree = "<group>"; };
		89B9D42C1C44F49F00740BF1 /* GCDWebServerDataResponse.m */ = {isa = PBXFileReference; lastKnownFileType = sourcecode.c.objc; path = GCDWebServerDataResponse.m; sourceTree = "<group>"; };
		89B9D42D1C44F49F00740BF1 /* GCDWebServerErrorResponse.h */ = {isa = PBXFileReference; lastKnownFileType = sourcecode.c.h; path = GCDWebServerErrorResponse.h; sourceTree = "<group>"; };
		89B9D42E1C44F49F00740BF1 /* GCDWebServerErrorResponse.m */ = {isa = PBXFileReference; lastKnownFileType = sourcecode.c.objc; path = GCDWebServerErrorResponse.m; sourceTree = "<group>"; };
		89B9D42F1C44F49F00740BF1 /* GCDWebServerFileRequest.h */ = {isa = PBXFileReference; lastKnownFileType = sourcecode.c.h; path = GCDWebServerFileRequest.h; sourceTree = "<group>"; };
		89B9D4301C44F49F00740BF1 /* GCDWebServerFileRequest.m */ = {isa = PBXFileReference; lastKnownFileType = sourcecode.c.objc; path = GCDWebServerFileRequest.m; sourceTree = "<group>"; };
		89B9D4311C44F49F00740BF1 /* GCDWebServerFileResponse.h */ = {isa = PBXFileReference; lastKnownFileType = sourcecode.c.h; path = GCDWebServerFileResponse.h; sourceTree = "<group>"; };
		89B9D4321C44F49F00740BF1 /* GCDWebServerFileResponse.m */ = {isa = PBXFileReference; lastKnownFileType = sourcecode.c.objc; path = GCDWebServerFileResponse.m; sourceTree = "<group>"; };
		89B9D4331C44F49F00740BF1 /* GCDWebServerFunctions.h */ = {isa = PBXFileReference; lastKnownFileType = sourcecode.c.h; path = GCDWebServerFunctions.h; sourceTree = "<group>"; };
		89B9D4341C44F49F00740BF1 /* GCDWebServerFunctions.m */ = {isa = PBXFileReference; lastKnownFileType = sourcecode.c.objc; path = GCDWebServerFunctions.m; sourceTree = "<group>"; };
		89B9D4351C44F49F00740BF1 /* GCDWebServerHTTPStatusCodes.h */ = {isa = PBXFileReference; lastKnownFileType = sourcecode.c.h; path = GCDWebServerHTTPStatusCodes.h; sourceTree = "<group>"; };
		89B9D4361C44F49F00740BF1 /* GCDWebServerMultiPartFormRequest.h */ = {isa = PBXFileReference; lastKnownFileType = sourcecode.c.h; path = GCDWebServerMultiPartFormRequest.h; sourceTree = "<group>"; };
		89B9D4371C44F49F00740BF1 /* GCDWebServerMultiPartFormRequest.m */ = {isa = PBXFileReference; lastKnownFileType = sourcecode.c.objc; path = GCDWebServerMultiPartFormRequest.m; sourceTree = "<group>"; };
		89B9D4381C44F49F00740BF1 /* GCDWebServerPrivate.h */ = {isa = PBXFileReference; lastKnownFileType = sourcecode.c.h; path = GCDWebServerPrivate.h; sourceTree = "<group>"; };
		89B9D4391C44F49F00740BF1 /* GCDWebServerRequest.h */ = {isa = PBXFileReference; lastKnownFileType = sourcecode.c.h; path = GCDWebServerRequest.h; sourceTree = "<group>"; };
		89B9D43A1C44F49F00740BF1 /* GCDWebServerRequest.m */ = {isa = PBXFileReference; lastKnownFileType = sourcecode.c.objc; path = GCDWebServerRequest.m; sourceTree = "<group>"; };
		89B9D43B1C44F49F00740BF1 /* GCDWebServerResponse.h */ = {isa = PBXFileReference; lastKnownFileType = sourcecode.c.h; path = GCDWebServerResponse.h; sourceTree = "<group>"; };
		89B9D43C1C44F49F00740BF1 /* GCDWebServerResponse.m */ = {isa = PBXFileReference; lastKnownFileType = sourcecode.c.objc; path = GCDWebServerResponse.m; sourceTree = "<group>"; };
		89B9D43D1C44F49F00740BF1 /* GCDWebServerStreamedResponse.h */ = {isa = PBXFileReference; lastKnownFileType = sourcecode.c.h; path = GCDWebServerStreamedResponse.h; sourceTree = "<group>"; };
		89B9D43E1C44F49F00740BF1 /* GCDWebServerStreamedResponse.m */ = {isa = PBXFileReference; lastKnownFileType = sourcecode.c.objc; path = GCDWebServerStreamedResponse.m; sourceTree = "<group>"; };
		89B9D43F1C44F49F00740BF1 /* GCDWebServerURLEncodedFormRequest.h */ = {isa = PBXFileReference; lastKnownFileType = sourcecode.c.h; path = GCDWebServerURLEncodedFormRequest.h; sourceTree = "<group>"; };
		89B9D4401C44F49F00740BF1 /* GCDWebServerURLEncodedFormRequest.m */ = {isa = PBXFileReference; lastKnownFileType = sourcecode.c.objc; path = GCDWebServerURLEncodedFormRequest.m; sourceTree = "<group>"; };
		89B9D4411C44F49F00740BF1 /* InspCWrapper.m */ = {isa = PBXFileReference; lastKnownFileType = sourcecode.c.objc; path = InspCWrapper.m; sourceTree = "<group>"; };
		89B9D4421C44F49F00740BF1 /* ipodimport.h */ = {isa = PBXFileReference; lastKnownFileType = sourcecode.c.h; path = ipodimport.h; sourceTree = "<group>"; };
		89B9D4441C44F49F00740BF1 /* LICENSE */ = {isa = PBXFileReference; lastKnownFileType = text; path = LICENSE; sourceTree = "<group>"; };
		89B9D4451C44F49F00740BF1 /* Makefile */ = {isa = PBXFileReference; lastKnownFileType = sourcecode.make; path = Makefile; sourceTree = "<group>"; };
		89B9D4471C44F49F00740BF1 /* README.md */ = {isa = PBXFileReference; lastKnownFileType = net.daringfireball.markdown; path = README.md; sourceTree = "<group>"; };
		89B9D52D1C44F51200740BF1 /* YTBrowser.plist */ = {isa = PBXFileReference; lastKnownFileType = text.plist; path = YTBrowser.plist; sourceTree = "<group>"; };
		89B9D52E1C44F51200740BF1 /* YTBrowser.xm */ = {isa = PBXFileReference; explicitFileType = sourcecode.c.objc; path = YTBrowser.xm; sourceTree = "<group>"; };
		89B9D52F1C44F51200740BF1 /* YTBrowserHelper.h */ = {isa = PBXFileReference; lastKnownFileType = sourcecode.c.h; path = YTBrowserHelper.h; sourceTree = "<group>"; };
		89B9D5301C44F51200740BF1 /* YTBrowserHelper.mm */ = {isa = PBXFileReference; lastKnownFileType = sourcecode.cpp.objcpp; path = YTBrowserHelper.mm; sourceTree = "<group>"; };
		89E06BC21C499E2300B8D1C4 /* ytiOSBundle.framework */ = {isa = PBXFileReference; explicitFileType = wrapper.framework; includeInIndex = 0; path = ytiOSBundle.framework; sourceTree = BUILT_PRODUCTS_DIR; };
		89E06BC51C499E2300B8D1C4 /* ytiOSBundle.h */ = {isa = PBXFileReference; lastKnownFileType = sourcecode.c.h; path = ytiOSBundle.h; sourceTree = "<group>"; };
		89E06BC71C499E2300B8D1C4 /* Info.plist */ = {isa = PBXFileReference; lastKnownFileType = text.plist.xml; path = Info.plist; sourceTree = "<group>"; };
		89E06BCE1C499EF000B8D1C4 /* URLCredential.h */ = {isa = PBXFileReference; fileEncoding = 4; lastKnownFileType = sourcecode.c.h; path = URLCredential.h; sourceTree = "<group>"; };
		89E06BCF1C499EF000B8D1C4 /* URLCredential.m */ = {isa = PBXFileReference; fileEncoding = 4; lastKnownFileType = sourcecode.c.objc; path = URLCredential.m; sourceTree = "<group>"; };
		89E06BD01C499EF000B8D1C4 /* URLDownloader.h */ = {isa = PBXFileReference; fileEncoding = 4; lastKnownFileType = sourcecode.c.h; path = URLDownloader.h; sourceTree = "<group>"; };
		89E06BD11C499EF000B8D1C4 /* URLDownloader.m */ = {isa = PBXFileReference; fileEncoding = 4; lastKnownFileType = sourcecode.c.objc; path = URLDownloader.m; sourceTree = "<group>"; };
		89E06BD61C499EFF00B8D1C4 /* KBYourTube.h */ = {isa = PBXFileReference; fileEncoding = 4; lastKnownFileType = sourcecode.c.h; name = KBYourTube.h; path = yourTube/KBYourTube.h; sourceTree = "<group>"; };
		89E06BD71C499EFF00B8D1C4 /* KBYourTube.m */ = {isa = PBXFileReference; fileEncoding = 4; lastKnownFileType = sourcecode.c.objc; name = KBYourTube.m; path = yourTube/KBYourTube.m; sourceTree = "<group>"; };
		89E06BD81C499EFF00B8D1C4 /* KBYTDownloadStream.h */ = {isa = PBXFileReference; fileEncoding = 4; lastKnownFileType = sourcecode.c.h; name = KBYTDownloadStream.h; path = yourTube/KBYTDownloadStream.h; sourceTree = "<group>"; };
		89E06BD91C499EFF00B8D1C4 /* KBYTDownloadStream.m */ = {isa = PBXFileReference; fileEncoding = 4; lastKnownFileType = sourcecode.c.objc; name = KBYTDownloadStream.m; path = yourTube/KBYTDownloadStream.m; sourceTree = "<group>"; };
		89E06BDA1C499EFF00B8D1C4 /* main.m */ = {isa = PBXFileReference; fileEncoding = 4; lastKnownFileType = sourcecode.c.objc; name = main.m; path = yourTube/main.m; sourceTree = "<group>"; };
		89E06BDB1C499EFF00B8D1C4 /* Makefile */ = {isa = PBXFileReference; fileEncoding = 4; lastKnownFileType = sourcecode.make; name = Makefile; path = yourTube/Makefile; sourceTree = "<group>"; };
		89E06BE21C499F1B00B8D1C4 /* OurViewController.h */ = {isa = PBXFileReference; fileEncoding = 4; lastKnownFileType = sourcecode.c.h; name = OurViewController.h; path = yourTube/OurViewController.h; sourceTree = "<group>"; };
		89E06BE31C499F1B00B8D1C4 /* OurViewController.mm */ = {isa = PBXFileReference; fileEncoding = 4; lastKnownFileType = sourcecode.cpp.objcpp; name = OurViewController.mm; path = yourTube/OurViewController.mm; sourceTree = "<group>"; };
		89E06BE61C499F2100B8D1C4 /* yourTubeApplication.m */ = {isa = PBXFileReference; fileEncoding = 4; lastKnownFileType = sourcecode.c.objc; name = yourTubeApplication.m; path = yourTube/yourTubeApplication.m; sourceTree = "<group>"; };
		89E06BE91C499F7000B8D1C4 /* APDeviceController.h */ = {isa = PBXFileReference; fileEncoding = 4; lastKnownFileType = sourcecode.c.h; name = APDeviceController.h; path = yourTube/APDeviceController.h; sourceTree = "<group>"; };
		89E06BEA1C499F7000B8D1C4 /* APDeviceController.m */ = {isa = PBXFileReference; fileEncoding = 4; lastKnownFileType = sourcecode.c.objc; name = APDeviceController.m; path = yourTube/APDeviceController.m; sourceTree = "<group>"; };
		89E06BED1C49F59100B8D1C4 /* theos */ = {isa = PBXFileReference; lastKnownFileType = folder; path = theos; sourceTree = "<group>"; };
		89E06C061C4CA1DC00B8D1C4 /* KBYTPreferences.h */ = {isa = PBXFileReference; fileEncoding = 4; lastKnownFileType = sourcecode.c.h; name = KBYTPreferences.h; path = yourTube/KBYTPreferences.h; sourceTree = "<group>"; };
		89E06C071C4CA1DC00B8D1C4 /* KBYTPreferences.m */ = {isa = PBXFileReference; fileEncoding = 4; lastKnownFileType = sourcecode.c.objc; name = KBYTPreferences.m; path = yourTube/KBYTPreferences.m; sourceTree = "<group>"; };
/* End PBXFileReference section */

/* Begin PBXFrameworksBuildPhase section */
		89E06BBE1C499E2300B8D1C4 /* Frameworks */ = {
			isa = PBXFrameworksBuildPhase;
			buildActionMask = 2147483647;
			files = (
			);
			runOnlyForDeploymentPostprocessing = 0;
		};
/* End PBXFrameworksBuildPhase section */

/* Begin PBXGroup section */
		892A2C391C6A8CB1003724D6 /* JGProgressView */ = {
			isa = PBXGroup;
			children = (
				892A2C3A1C6A8CB1003724D6 /* JGProgressView.h */,
				892A2C3B1C6A8CB1003724D6 /* JGProgressView.m */,
			);
			name = JGProgressView;
			path = yourTube/JGProgressView;
			sourceTree = "<group>";
		};
		895F67881C6520D500AE33FA /* SVProgressHUD */ = {
			isa = PBXGroup;
			children = (
				895F67891C6520D500AE33FA /* SVIndefiniteAnimatedView.h */,
				895F678A1C6520D500AE33FA /* SVIndefiniteAnimatedView.m */,
				895F678B1C6520D500AE33FA /* SVProgressHUD.h */,
				895F678C1C6520D500AE33FA /* SVProgressHUD.m */,
				895F678D1C6520D500AE33FA /* SVRadialGradientLayer.h */,
				895F678E1C6520D500AE33FA /* SVRadialGradientLayer.m */,
			);
			name = SVProgressHUD;
			path = yourTube/SVProgressHUD;
			sourceTree = "<group>";
		};
		895F67961C690C8100AE33FA /* Animations */ = {
			isa = PBXGroup;
			children = (
				895F67971C690C8100AE33FA /* BaseAnimation.h */,
				895F67981C690C8100AE33FA /* BaseAnimation.m */,
				895F67991C690C8100AE33FA /* ModalAnimation.h */,
				895F679A1C690C8100AE33FA /* ModalAnimation.m */,
				895F679B1C690C8100AE33FA /* ScaleAnimation.h */,
				895F679C1C690C8100AE33FA /* ScaleAnimation.m */,
				895F679D1C690C8100AE33FA /* ShuffleAnimation.h */,
				895F679E1C690C8100AE33FA /* ShuffleAnimation.m */,
				895F679F1C690C8100AE33FA /* SlideAnimation.h */,
				895F67A01C690C8100AE33FA /* SlideAnimation.m */,
			);
			name = Animations;
			path = yourTube/Animations;
			sourceTree = "<group>";
		};
		897B49C61C58A7B500F50BC2 /* SDWebImage */ = {
			isa = PBXGroup;
			children = (
				897B49C71C58A7B500F50BC2 /* MKAnnotationView+WebCache.h */,
				897B49C81C58A7B500F50BC2 /* MKAnnotationView+WebCache.m */,
				897B49C91C58A7B500F50BC2 /* NSData+ImageContentType.h */,
				897B49CA1C58A7B500F50BC2 /* NSData+ImageContentType.m */,
				897B49CB1C58A7B500F50BC2 /* SDImageCache.h */,
				897B49CC1C58A7B500F50BC2 /* SDImageCache.m */,
				897B49CD1C58A7B500F50BC2 /* SDWebImageCompat.h */,
				897B49CE1C58A7B500F50BC2 /* SDWebImageCompat.m */,
				897B49CF1C58A7B500F50BC2 /* SDWebImageDecoder.h */,
				897B49D01C58A7B500F50BC2 /* SDWebImageDecoder.m */,
				897B49D11C58A7B500F50BC2 /* SDWebImageDownloader.h */,
				897B49D21C58A7B500F50BC2 /* SDWebImageDownloader.m */,
				897B49D31C58A7B500F50BC2 /* SDWebImageDownloaderOperation.h */,
				897B49D41C58A7B500F50BC2 /* SDWebImageDownloaderOperation.m */,
				897B49D51C58A7B500F50BC2 /* SDWebImageManager.h */,
				897B49D61C58A7B500F50BC2 /* SDWebImageManager.m */,
				897B49D71C58A7B500F50BC2 /* SDWebImageOperation.h */,
				897B49D81C58A7B500F50BC2 /* SDWebImagePrefetcher.h */,
				897B49D91C58A7B500F50BC2 /* SDWebImagePrefetcher.m */,
				897B49DA1C58A7B500F50BC2 /* UIButton+WebCache.h */,
				897B49DB1C58A7B500F50BC2 /* UIButton+WebCache.m */,
				897B49DC1C58A7B500F50BC2 /* UIImage+GIF.h */,
				897B49DD1C58A7B500F50BC2 /* UIImage+GIF.m */,
				897B49DE1C58A7B500F50BC2 /* UIImage+MultiFormat.h */,
				897B49DF1C58A7B500F50BC2 /* UIImage+MultiFormat.m */,
				897B49E01C58A7B500F50BC2 /* UIImage+WebP.h */,
				897B49E11C58A7B500F50BC2 /* UIImage+WebP.m */,
				897B49E21C58A7B500F50BC2 /* UIImageView+HighlightedWebCache.h */,
				897B49E31C58A7B500F50BC2 /* UIImageView+HighlightedWebCache.m */,
				897B49E41C58A7B500F50BC2 /* UIImageView+WebCache.h */,
				897B49E51C58A7B500F50BC2 /* UIImageView+WebCache.m */,
				897B49E61C58A7B500F50BC2 /* UIView+WebCacheOperation.h */,
				897B49E71C58A7B500F50BC2 /* UIView+WebCacheOperation.m */,
			);
			name = SDWebImage;
			path = yourTube/SDWebImage;
			sourceTree = "<group>";
		};
		897B4A121C5974EE00F50BC2 /* Categories */ = {
			isa = PBXGroup;
			children = (
				897B4A091C58AAB000F50BC2 /* UIColor+Additions.h */,
				897B4A0A1C58AAB000F50BC2 /* UIColor+Additions.m */,
				897B4A0E1C58B03000F50BC2 /* UIImage+Scale.h */,
				897B4A0F1C58B03000F50BC2 /* UIImage+Scale.m */,
			);
			name = Categories;
			sourceTree = "<group>";
		};
		897B4A131C5974F600F50BC2 /* Bonjour */ = {
			isa = PBXGroup;
			children = (
				89E06BE91C499F7000B8D1C4 /* APDeviceController.h */,
				89E06BEA1C499F7000B8D1C4 /* APDeviceController.m */,
			);
			name = Bonjour;
			sourceTree = "<group>";
		};
		897B4A141C59750D00F50BC2 /* Preferences */ = {
			isa = PBXGroup;
			children = (
				89E06C061C4CA1DC00B8D1C4 /* KBYTPreferences.h */,
				89E06C071C4CA1DC00B8D1C4 /* KBYTPreferences.m */,
			);
			name = Preferences;
			sourceTree = "<group>";
		};
		897B4A151C59751500F50BC2 /* YouTube */ = {
			isa = PBXGroup;
			children = (
				897B4A221C5E8B3D00F50BC2 /* APDocument */,
				89E06BD61C499EFF00B8D1C4 /* KBYourTube.h */,
				89E06BD71C499EFF00B8D1C4 /* KBYourTube.m */,
				89E06BD81C499EFF00B8D1C4 /* KBYTDownloadStream.h */,
				89E06BD91C499EFF00B8D1C4 /* KBYTDownloadStream.m */,
				895F67AF1C6A427500AE33FA /* KBYourTube+Categories.h */,
				895F67AD1C6A424F00AE33FA /* KBYourTube+Categories.m */,
				898244DD1C6A664A00131343 /* KBYTMessagingCenter.h */,
				898244DE1C6A664A00131343 /* KBYTMessagingCenter.m */,
			);
			name = YouTube;
			sourceTree = "<group>";
		};
		897B4A161C59751D00F50BC2 /* View Controllers */ = {
			isa = PBXGroup;
			children = (
				89E06BE21C499F1B00B8D1C4 /* OurViewController.h */,
				89E06BE31C499F1B00B8D1C4 /* OurViewController.mm */,
				897B49C21C58A4F600F50BC2 /* KBYTDownloadsTableViewController.h */,
				897B49C31C58A4F600F50BC2 /* KBYTDownloadsTableViewController.m */,
				895F67011C60125600AE33FA /* KBYTSearchTableViewController.h */,
				895F67021C60125600AE33FA /* KBYTSearchTableViewController.m */,
				895F67841C62B9BD00AE33FA /* KBYTSearchItemViewController.h */,
				895F67851C62B9BD00AE33FA /* KBYTSearchItemViewController.m */,
			);
			name = "View Controllers";
			sourceTree = "<group>";
		};
		897B4A221C5E8B3D00F50BC2 /* APDocument */ = {
			isa = PBXGroup;
			children = (
				897B4A231C5E8B3D00F50BC2 /* APAttribute.h */,
				897B4A241C5E8B3D00F50BC2 /* APAttribute.m */,
				897B4A251C5E8B3D00F50BC2 /* APDocument.h */,
				897B4A261C5E8B3D00F50BC2 /* APDocument.m */,
				897B4A271C5E8B3D00F50BC2 /* APElement.h */,
				897B4A281C5E8B3D00F50BC2 /* APElement.m */,
				897B4A291C5E8B3D00F50BC2 /* APXML.h */,
			);
			name = APDocument;
			path = yourTube/APDocument;
			sourceTree = "<group>";
		};
		89B9D3B11C44F41300740BF1 = {
			isa = PBXGroup;
			children = (
				89E06BC41C499E2300B8D1C4 /* ytiOSBundle */,
				89B9D4211C44F49F00740BF1 /* Frameworks */,
				89B9D4241C44F49F00740BF1 /* GCDWebServer */,
				89B9D4411C44F49F00740BF1 /* InspCWrapper.m */,
				89B9D4421C44F49F00740BF1 /* ipodimport.h */,
				89B9D4441C44F49F00740BF1 /* LICENSE */,
				89B9D4451C44F49F00740BF1 /* Makefile */,
				89B9D4471C44F49F00740BF1 /* README.md */,
				89B9D52D1C44F51200740BF1 /* YTBrowser.plist */,
				89B9D52E1C44F51200740BF1 /* YTBrowser.xm */,
				895F67AC1C6A3FA700AE33FA /* Defines.h */,
				898244D91C6A4A1600131343 /* YTDownloadOperation.h */,
				898244DA1C6A4A1600131343 /* YTDownloadOperation.m */,
				89B9D52F1C44F51200740BF1 /* YTBrowserHelper.h */,
				89B9D5301C44F51200740BF1 /* YTBrowserHelper.mm */,
				89E06BCC1C499ED400B8D1C4 /* yourTube */,
				89E06BC31C499E2300B8D1C4 /* Products */,
			);
			sourceTree = "<group>";
		};
		89B9D4211C44F49F00740BF1 /* Frameworks */ = {
			isa = PBXGroup;
			children = (
				89B9D4221C44F49F00740BF1 /* GCDWebServers.framework */,
				89B9D4231C44F49F00740BF1 /* Gremlin.framework */,
			);
			path = Frameworks;
			sourceTree = "<group>";
		};
		89B9D4241C44F49F00740BF1 /* GCDWebServer */ = {
			isa = PBXGroup;
			children = (
				89B9D4251C44F49F00740BF1 /* GCDWebServer.h */,
				89B9D4261C44F49F00740BF1 /* GCDWebServer.m */,
				89B9D4271C44F49F00740BF1 /* GCDWebServerConnection.h */,
				89B9D4281C44F49F00740BF1 /* GCDWebServerConnection.m */,
				89B9D4291C44F49F00740BF1 /* GCDWebServerDataRequest.h */,
				89B9D42A1C44F49F00740BF1 /* GCDWebServerDataRequest.m */,
				89B9D42B1C44F49F00740BF1 /* GCDWebServerDataResponse.h */,
				89B9D42C1C44F49F00740BF1 /* GCDWebServerDataResponse.m */,
				89B9D42D1C44F49F00740BF1 /* GCDWebServerErrorResponse.h */,
				89B9D42E1C44F49F00740BF1 /* GCDWebServerErrorResponse.m */,
				89B9D42F1C44F49F00740BF1 /* GCDWebServerFileRequest.h */,
				89B9D4301C44F49F00740BF1 /* GCDWebServerFileRequest.m */,
				89B9D4311C44F49F00740BF1 /* GCDWebServerFileResponse.h */,
				89B9D4321C44F49F00740BF1 /* GCDWebServerFileResponse.m */,
				89B9D4331C44F49F00740BF1 /* GCDWebServerFunctions.h */,
				89B9D4341C44F49F00740BF1 /* GCDWebServerFunctions.m */,
				89B9D4351C44F49F00740BF1 /* GCDWebServerHTTPStatusCodes.h */,
				89B9D4361C44F49F00740BF1 /* GCDWebServerMultiPartFormRequest.h */,
				89B9D4371C44F49F00740BF1 /* GCDWebServerMultiPartFormRequest.m */,
				89B9D4381C44F49F00740BF1 /* GCDWebServerPrivate.h */,
				89B9D4391C44F49F00740BF1 /* GCDWebServerRequest.h */,
				89B9D43A1C44F49F00740BF1 /* GCDWebServerRequest.m */,
				89B9D43B1C44F49F00740BF1 /* GCDWebServerResponse.h */,
				89B9D43C1C44F49F00740BF1 /* GCDWebServerResponse.m */,
				89B9D43D1C44F49F00740BF1 /* GCDWebServerStreamedResponse.h */,
				89B9D43E1C44F49F00740BF1 /* GCDWebServerStreamedResponse.m */,
				89B9D43F1C44F49F00740BF1 /* GCDWebServerURLEncodedFormRequest.h */,
				89B9D4401C44F49F00740BF1 /* GCDWebServerURLEncodedFormRequest.m */,
			);
			path = GCDWebServer;
			sourceTree = "<group>";
		};
		89E06BC31C499E2300B8D1C4 /* Products */ = {
			isa = PBXGroup;
			children = (
				89E06BC21C499E2300B8D1C4 /* ytiOSBundle.framework */,
			);
			name = Products;
			sourceTree = "<group>";
		};
		89E06BC41C499E2300B8D1C4 /* ytiOSBundle */ = {
			isa = PBXGroup;
			children = (
				89E06BC51C499E2300B8D1C4 /* ytiOSBundle.h */,
				89E06BC71C499E2300B8D1C4 /* Info.plist */,
			);
			path = ytiOSBundle;
			sourceTree = "<group>";
		};
		89E06BCC1C499ED400B8D1C4 /* yourTube */ = {
			isa = PBXGroup;
			children = (
				892A2C381C6A8400003724D6 /* yourTubeApplication.h */,
				89E06BE61C499F2100B8D1C4 /* yourTubeApplication.m */,
				895F67881C6520D500AE33FA /* SVProgressHUD */,
				897B49C61C58A7B500F50BC2 /* SDWebImage */,
				897B4A141C59750D00F50BC2 /* Preferences */,
				897B4A151C59751500F50BC2 /* YouTube */,
				89E06BDA1C499EFF00B8D1C4 /* main.m */,
				89E06BDB1C499EFF00B8D1C4 /* Makefile */,
				892A2C391C6A8CB1003724D6 /* JGProgressView */,
				895F67961C690C8100AE33FA /* Animations */,
				897B4A161C59751D00F50BC2 /* View Controllers */,
				897B4A131C5974F600F50BC2 /* Bonjour */,
				897B4A121C5974EE00F50BC2 /* Categories */,
				89E06BCD1C499EF000B8D1C4 /* Download */,
				89E06BED1C49F59100B8D1C4 /* theos */,
			);
			name = yourTube;
			sourceTree = "<group>";
		};
		89E06BCD1C499EF000B8D1C4 /* Download */ = {
			isa = PBXGroup;
			children = (
				89E06BCE1C499EF000B8D1C4 /* URLCredential.h */,
				89E06BCF1C499EF000B8D1C4 /* URLCredential.m */,
				89E06BD01C499EF000B8D1C4 /* URLDownloader.h */,
				89E06BD11C499EF000B8D1C4 /* URLDownloader.m */,
			);
			name = Download;
			path = yourTube/Download;
			sourceTree = "<group>";
		};
/* End PBXGroup section */

/* Begin PBXHeadersBuildPhase section */
		89E06BBF1C499E2300B8D1C4 /* Headers */ = {
			isa = PBXHeadersBuildPhase;
			buildActionMask = 2147483647;
			files = (
				89E06BD41C499EF000B8D1C4 /* URLDownloader.h in Headers */,
				897B4A101C58B03000F50BC2 /* UIImage+Scale.h in Headers */,
				898244DB1C6A4A1600131343 /* YTDownloadOperation.h in Headers */,
				89E06BC61C499E2300B8D1C4 /* ytiOSBundle.h in Headers */,
				895F67A91C690C8100AE33FA /* SlideAnimation.h in Headers */,
				897B49F81C58A7B500F50BC2 /* SDWebImageOperation.h in Headers */,
				897B4A2C1C5E8B3D00F50BC2 /* APDocument.h in Headers */,
				897B4A031C58A7B500F50BC2 /* UIImageView+HighlightedWebCache.h in Headers */,
				89E06BDE1C499EFF00B8D1C4 /* KBYTDownloadStream.h in Headers */,
				89E06C081C4CA1DC00B8D1C4 /* KBYTPreferences.h in Headers */,
				897B49EE1C58A7B500F50BC2 /* SDWebImageCompat.h in Headers */,
				897B4A051C58A7B500F50BC2 /* UIImageView+WebCache.h in Headers */,
				89E06BDC1C499EFF00B8D1C4 /* KBYourTube.h in Headers */,
				89E06BEB1C499F7000B8D1C4 /* APDeviceController.h in Headers */,
				897B4A2A1C5E8B3D00F50BC2 /* APAttribute.h in Headers */,
				897B49EC1C58A7B500F50BC2 /* SDImageCache.h in Headers */,
				895F67031C60125600AE33FA /* KBYTSearchTableViewController.h in Headers */,
				895F678F1C6520D500AE33FA /* SVIndefiniteAnimatedView.h in Headers */,
				895F67A31C690C8100AE33FA /* ModalAnimation.h in Headers */,
				89E06BE41C499F1B00B8D1C4 /* OurViewController.h in Headers */,
				897B49F61C58A7B500F50BC2 /* SDWebImageManager.h in Headers */,
				892A2C3C1C6A8CB1003724D6 /* JGProgressView.h in Headers */,
				895F67A11C690C8100AE33FA /* BaseAnimation.h in Headers */,
				895F67931C6520D500AE33FA /* SVRadialGradientLayer.h in Headers */,
				897B49F21C58A7B500F50BC2 /* SDWebImageDownloader.h in Headers */,
				897B4A011C58A7B500F50BC2 /* UIImage+WebP.h in Headers */,
				897B4A071C58A7B500F50BC2 /* UIView+WebCacheOperation.h in Headers */,
				897B49FB1C58A7B500F50BC2 /* UIButton+WebCache.h in Headers */,
				89E06BD21C499EF000B8D1C4 /* URLCredential.h in Headers */,
				895F67861C62B9BD00AE33FA /* KBYTSearchItemViewController.h in Headers */,
				897B49F91C58A7B500F50BC2 /* SDWebImagePrefetcher.h in Headers */,
				897B4A2E1C5E8B3D00F50BC2 /* APElement.h in Headers */,
				897B49E81C58A7B500F50BC2 /* MKAnnotationView+WebCache.h in Headers */,
				897B49C41C58A4F600F50BC2 /* KBYTDownloadsTableViewController.h in Headers */,
				895F67A71C690C8100AE33FA /* ShuffleAnimation.h in Headers */,
				897B49FF1C58A7B500F50BC2 /* UIImage+MultiFormat.h in Headers */,
				897B49F41C58A7B500F50BC2 /* SDWebImageDownloaderOperation.h in Headers */,
				897B4A0B1C58AAB000F50BC2 /* UIColor+Additions.h in Headers */,
				897B49FD1C58A7B500F50BC2 /* UIImage+GIF.h in Headers */,
				895F67911C6520D500AE33FA /* SVProgressHUD.h in Headers */,
				897B49EA1C58A7B500F50BC2 /* NSData+ImageContentType.h in Headers */,
				898244DF1C6A664A00131343 /* KBYTMessagingCenter.h in Headers */,
				897B49F01C58A7B500F50BC2 /* SDWebImageDecoder.h in Headers */,
				895F67A51C690C8100AE33FA /* ScaleAnimation.h in Headers */,
				897B4A301C5E8B3D00F50BC2 /* APXML.h in Headers */,
			);
			runOnlyForDeploymentPostprocessing = 0;
		};
/* End PBXHeadersBuildPhase section */

/* Begin PBXNativeTarget section */
		89E06BC11C499E2300B8D1C4 /* ytiOSBundle */ = {
			isa = PBXNativeTarget;
			buildConfigurationList = 89E06BCA1C499E2300B8D1C4 /* Build configuration list for PBXNativeTarget "ytiOSBundle" */;
			buildPhases = (
				89E06BBD1C499E2300B8D1C4 /* Sources */,
				89E06BBE1C499E2300B8D1C4 /* Frameworks */,
				89E06BBF1C499E2300B8D1C4 /* Headers */,
				89E06BC01C499E2300B8D1C4 /* Resources */,
			);
			buildRules = (
			);
			dependencies = (
			);
			name = ytiOSBundle;
			productName = ytiOSBundle;
			productReference = 89E06BC21C499E2300B8D1C4 /* ytiOSBundle.framework */;
			productType = "com.apple.product-type.framework";
		};
/* End PBXNativeTarget section */

/* Begin PBXProject section */
		89B9D3B21C44F41300740BF1 /* Project object */ = {
			isa = PBXProject;
			attributes = {
				LastUpgradeCheck = 0710;
				TargetAttributes = {
					89E06BC11C499E2300B8D1C4 = {
						CreatedOnToolsVersion = 7.1;
					};
				};
			};
			buildConfigurationList = 89B9D3B51C44F41300740BF1 /* Build configuration list for PBXProject "yourTubeiOS" */;
			compatibilityVersion = "Xcode 3.2";
			developmentRegion = English;
			hasScannedForEncodings = 0;
			knownRegions = (
				en,
			);
			mainGroup = 89B9D3B11C44F41300740BF1;
			productRefGroup = 89E06BC31C499E2300B8D1C4 /* Products */;
			projectDirPath = "";
			projectRoot = "";
			targets = (
				89E06BC11C499E2300B8D1C4 /* ytiOSBundle */,
			);
		};
/* End PBXProject section */

/* Begin PBXResourcesBuildPhase section */
		89E06BC01C499E2300B8D1C4 /* Resources */ = {
			isa = PBXResourcesBuildPhase;
			buildActionMask = 2147483647;
			files = (
				89E06BEE1C49F59100B8D1C4 /* theos in Resources */,
			);
			runOnlyForDeploymentPostprocessing = 0;
		};
/* End PBXResourcesBuildPhase section */

/* Begin PBXSourcesBuildPhase section */
		89E06BBD1C499E2300B8D1C4 /* Sources */ = {
			isa = PBXSourcesBuildPhase;
			buildActionMask = 2147483647;
			files = (
				897B4A111C58B03000F50BC2 /* UIImage+Scale.m in Sources */,
				89E06BE11C499EFF00B8D1C4 /* Makefile in Sources */,
				89E06C091C4CA1DC00B8D1C4 /* KBYTPreferences.m in Sources */,
				897B4A021C58A7B500F50BC2 /* UIImage+WebP.m in Sources */,
				89E06C051C4B5B2F00B8D1C4 /* YTBrowserHelper.mm in Sources */,
				897B49FC1C58A7B500F50BC2 /* UIButton+WebCache.m in Sources */,
				897B49F51C58A7B500F50BC2 /* SDWebImageDownloaderOperation.m in Sources */,
				89E06BE01C499EFF00B8D1C4 /* main.m in Sources */,
				897B4A2B1C5E8B3D00F50BC2 /* APAttribute.m in Sources */,
				895F67A21C690C8100AE33FA /* BaseAnimation.m in Sources */,
				897B49ED1C58A7B500F50BC2 /* SDImageCache.m in Sources */,
				897B49EB1C58A7B500F50BC2 /* NSData+ImageContentType.m in Sources */,
				895F67941C6520D500AE33FA /* SVRadialGradientLayer.m in Sources */,
				895F67AA1C690C8100AE33FA /* SlideAnimation.m in Sources */,
				895F67901C6520D500AE33FA /* SVIndefiniteAnimatedView.m in Sources */,
				89E06BEC1C499F7000B8D1C4 /* APDeviceController.m in Sources */,
				897B49F11C58A7B500F50BC2 /* SDWebImageDecoder.m in Sources */,
				895F67A81C690C8100AE33FA /* ShuffleAnimation.m in Sources */,
				89E06BE71C499F2100B8D1C4 /* yourTubeApplication.m in Sources */,
				897B4A041C58A7B500F50BC2 /* UIImageView+HighlightedWebCache.m in Sources */,
				89E06BE81C499F3C00B8D1C4 /* KBYourTube.m in Sources */,
				897B49F31C58A7B500F50BC2 /* SDWebImageDownloader.m in Sources */,
				897B49EF1C58A7B500F50BC2 /* SDWebImageCompat.m in Sources */,
				89E06BE51C499F1B00B8D1C4 /* OurViewController.mm in Sources */,
				898244DC1C6A4A1600131343 /* YTDownloadOperation.m in Sources */,
				897B49FE1C58A7B500F50BC2 /* UIImage+GIF.m in Sources */,
				897B4A0C1C58AAB000F50BC2 /* UIColor+Additions.m in Sources */,
				895F67A41C690C8100AE33FA /* ModalAnimation.m in Sources */,
				897B4A001C58A7B500F50BC2 /* UIImage+MultiFormat.m in Sources */,
				89E06BDF1C499EFF00B8D1C4 /* KBYTDownloadStream.m in Sources */,
				897B4A2D1C5E8B3D00F50BC2 /* APDocument.m in Sources */,
				897B49FA1C58A7B500F50BC2 /* SDWebImagePrefetcher.m in Sources */,
				895F67921C6520D500AE33FA /* SVProgressHUD.m in Sources */,
				897B49C51C58A4F600F50BC2 /* KBYTDownloadsTableViewController.m in Sources */,
				897B49E91C58A7B500F50BC2 /* MKAnnotationView+WebCache.m in Sources */,
				897B4A061C58A7B500F50BC2 /* UIImageView+WebCache.m in Sources */,
				897B4A081C58A7B500F50BC2 /* UIView+WebCacheOperation.m in Sources */,
				895F67041C60125600AE33FA /* KBYTSearchTableViewController.m in Sources */,
				897B49F71C58A7B500F50BC2 /* SDWebImageManager.m in Sources */,
				89E06BD51C499EF000B8D1C4 /* URLDownloader.m in Sources */,
				895F67AE1C6A424F00AE33FA /* KBYourTube+Categories.m in Sources */,
				895F67A61C690C8100AE33FA /* ScaleAnimation.m in Sources */,
				897B4A2F1C5E8B3D00F50BC2 /* APElement.m in Sources */,
				898244E01C6A664A00131343 /* KBYTMessagingCenter.m in Sources */,
				89E06BD31C499EF000B8D1C4 /* URLCredential.m in Sources */,
				895F67871C62B9BD00AE33FA /* KBYTSearchItemViewController.m in Sources */,
				892A2C3D1C6A8CB1003724D6 /* JGProgressView.m in Sources */,
			);
			runOnlyForDeploymentPostprocessing = 0;
		};
/* End PBXSourcesBuildPhase section */

/* Begin XCBuildConfiguration section */
		89B9D3B61C44F41300740BF1 /* Debug */ = {
			isa = XCBuildConfiguration;
			buildSettings = {
			};
			name = Debug;
		};
		89B9D3B71C44F41300740BF1 /* Release */ = {
			isa = XCBuildConfiguration;
			buildSettings = {
			};
			name = Release;
		};
		89E06BC81C499E2300B8D1C4 /* Debug */ = {
			isa = XCBuildConfiguration;
			buildSettings = {
				ALWAYS_SEARCH_USER_PATHS = YES;
				CLANG_CXX_LANGUAGE_STANDARD = "gnu++0x";
				CLANG_CXX_LIBRARY = "libc++";
				CLANG_ENABLE_MODULES = YES;
				CLANG_ENABLE_OBJC_ARC = YES;
				CLANG_WARN_BOOL_CONVERSION = YES;
				CLANG_WARN_CONSTANT_CONVERSION = YES;
				CLANG_WARN_DIRECT_OBJC_ISA_USAGE = YES_ERROR;
				CLANG_WARN_EMPTY_BODY = YES;
				CLANG_WARN_ENUM_CONVERSION = YES;
				CLANG_WARN_INT_CONVERSION = YES;
				CLANG_WARN_OBJC_ROOT_CLASS = YES_ERROR;
				CLANG_WARN_UNREACHABLE_CODE = YES;
				CLANG_WARN__DUPLICATE_METHOD_MATCH = YES;
				"CODE_SIGN_IDENTITY[sdk=iphoneos*]" = "iPhone Developer";
				COPY_PHASE_STRIP = NO;
				CURRENT_PROJECT_VERSION = 1;
				DEBUG_INFORMATION_FORMAT = dwarf;
				DEFINES_MODULE = YES;
				DYLIB_COMPATIBILITY_VERSION = 1;
				DYLIB_CURRENT_VERSION = 1;
				DYLIB_INSTALL_NAME_BASE = "@rpath";
				ENABLE_STRICT_OBJC_MSGSEND = YES;
				ENABLE_TESTABILITY = YES;
				GCC_C_LANGUAGE_STANDARD = gnu99;
				GCC_DYNAMIC_NO_PIC = NO;
				GCC_NO_COMMON_BLOCKS = YES;
				GCC_OPTIMIZATION_LEVEL = 0;
				GCC_PRECOMPILE_PREFIX_HEADER = YES;
				GCC_PREFIX_HEADER = $SRCROOT/theos/Prefix.pch;
				GCC_PREPROCESSOR_DEFINITIONS = (
					"DEBUG=1",
					"$(inherited)",
				);
				GCC_WARN_64_TO_32_BIT_CONVERSION = YES;
				GCC_WARN_ABOUT_DEPRECATED_FUNCTIONS = NO;
				GCC_WARN_ABOUT_RETURN_TYPE = YES_ERROR;
				GCC_WARN_UNDECLARED_SELECTOR = YES;
				GCC_WARN_UNINITIALIZED_AUTOS = YES_AGGRESSIVE;
				GCC_WARN_UNUSED_FUNCTION = YES;
				GCC_WARN_UNUSED_VARIABLE = YES;
				HEADER_SEARCH_PATHS = "$SRCROOT/**";
				INFOPLIST_FILE = ytiOSBundle/Info.plist;
				INFOPLIST_PREFIX_HEADER = "";
				INSTALL_PATH = "$(LOCAL_LIBRARY_DIR)/Frameworks";
				IPHONEOS_DEPLOYMENT_TARGET = 9.1;
				LD_RUNPATH_SEARCH_PATHS = "$(inherited) @executable_path/Frameworks @loader_path/Frameworks";
				MTL_ENABLE_DEBUG_INFO = YES;
				ONLY_ACTIVE_ARCH = YES;
				PRODUCT_BUNDLE_IDENTIFIER = com.nito.ytiOSBundle;
				PRODUCT_NAME = "$(TARGET_NAME)";
				SDKROOT = iphoneos;
				SKIP_INSTALL = YES;
				TARGETED_DEVICE_FAMILY = "1,2";
				VERSIONING_SYSTEM = "apple-generic";
				VERSION_INFO_PREFIX = "";
			};
			name = Debug;
		};
		89E06BC91C499E2300B8D1C4 /* Release */ = {
			isa = XCBuildConfiguration;
			buildSettings = {
				ALWAYS_SEARCH_USER_PATHS = YES;
				CLANG_CXX_LANGUAGE_STANDARD = "gnu++0x";
				CLANG_CXX_LIBRARY = "libc++";
				CLANG_ENABLE_MODULES = YES;
				CLANG_ENABLE_OBJC_ARC = YES;
				CLANG_WARN_BOOL_CONVERSION = YES;
				CLANG_WARN_CONSTANT_CONVERSION = YES;
				CLANG_WARN_DIRECT_OBJC_ISA_USAGE = YES_ERROR;
				CLANG_WARN_EMPTY_BODY = YES;
				CLANG_WARN_ENUM_CONVERSION = YES;
				CLANG_WARN_INT_CONVERSION = YES;
				CLANG_WARN_OBJC_ROOT_CLASS = YES_ERROR;
				CLANG_WARN_UNREACHABLE_CODE = YES;
				CLANG_WARN__DUPLICATE_METHOD_MATCH = YES;
				"CODE_SIGN_IDENTITY[sdk=iphoneos*]" = "iPhone Developer";
				COPY_PHASE_STRIP = NO;
				CURRENT_PROJECT_VERSION = 1;
				DEBUG_INFORMATION_FORMAT = "dwarf-with-dsym";
				DEFINES_MODULE = YES;
				DYLIB_COMPATIBILITY_VERSION = 1;
				DYLIB_CURRENT_VERSION = 1;
				DYLIB_INSTALL_NAME_BASE = "@rpath";
				ENABLE_NS_ASSERTIONS = NO;
				ENABLE_STRICT_OBJC_MSGSEND = YES;
				GCC_C_LANGUAGE_STANDARD = gnu99;
				GCC_NO_COMMON_BLOCKS = YES;
				GCC_PRECOMPILE_PREFIX_HEADER = YES;
				GCC_PREFIX_HEADER = $SRCROOT/theos/Prefix.pch;
				GCC_WARN_64_TO_32_BIT_CONVERSION = YES;
				GCC_WARN_ABOUT_DEPRECATED_FUNCTIONS = NO;
				GCC_WARN_ABOUT_RETURN_TYPE = YES_ERROR;
				GCC_WARN_UNDECLARED_SELECTOR = YES;
				GCC_WARN_UNINITIALIZED_AUTOS = YES_AGGRESSIVE;
				GCC_WARN_UNUSED_FUNCTION = YES;
				GCC_WARN_UNUSED_VARIABLE = YES;
				HEADER_SEARCH_PATHS = "$SRCROOT/**";
				INFOPLIST_FILE = ytiOSBundle/Info.plist;
				INFOPLIST_PREFIX_HEADER = "";
				INSTALL_PATH = "$(LOCAL_LIBRARY_DIR)/Frameworks";
				IPHONEOS_DEPLOYMENT_TARGET = 9.1;
				LD_RUNPATH_SEARCH_PATHS = "$(inherited) @executable_path/Frameworks @loader_path/Frameworks";
				MTL_ENABLE_DEBUG_INFO = NO;
				PRODUCT_BUNDLE_IDENTIFIER = com.nito.ytiOSBundle;
				PRODUCT_NAME = "$(TARGET_NAME)";
				SDKROOT = iphoneos;
				SKIP_INSTALL = YES;
				TARGETED_DEVICE_FAMILY = "1,2";
				VALIDATE_PRODUCT = YES;
				VERSIONING_SYSTEM = "apple-generic";
				VERSION_INFO_PREFIX = "";
			};
			name = Release;
		};
/* End XCBuildConfiguration section */

/* Begin XCConfigurationList section */
		89B9D3B51C44F41300740BF1 /* Build configuration list for PBXProject "yourTubeiOS" */ = {
			isa = XCConfigurationList;
			buildConfigurations = (
				89B9D3B61C44F41300740BF1 /* Debug */,
				89B9D3B71C44F41300740BF1 /* Release */,
			);
			defaultConfigurationIsVisible = 0;
			defaultConfigurationName = Release;
		};
		89E06BCA1C499E2300B8D1C4 /* Build configuration list for PBXNativeTarget "ytiOSBundle" */ = {
			isa = XCConfigurationList;
			buildConfigurations = (
				89E06BC81C499E2300B8D1C4 /* Debug */,
				89E06BC91C499E2300B8D1C4 /* Release */,
			);
			defaultConfigurationIsVisible = 0;
			defaultConfigurationName = Release;
		};
/* End XCConfigurationList section */
	};
	rootObject = 89B9D3B21C44F41300740BF1 /* Project object */;
}
